
Microsoft Visual Studio Solution File, Format Version 12.00
# Visual Studio 15
VisualStudioVersion = 15.0.28010.2026
MinimumVisualStudioVersion = 10.0.40219.1
Project("{8BC9CEB8-8B4A-11D0-8D11-00A0C91BC942}") = "Simulator_For_Rendezvous_In_CRNs", "Simulator_For_Rendezvous_In_CRNs\Simulator_For_Rendezvous_In_CRNs.vcxproj", "{ACDE217C-4F53-4D34-AA54-F283410A43E2}"
EndProject
Global
	GlobalSection(SolutionConfigurationPlatforms) = preSolution
		Debug|x64 = Debug|x64
		Debug|x86 = Debug|x86
		Release|x64 = Release|x64
		Release|x86 = Release|x86
	EndGlobalSection
	GlobalSection(ProjectConfigurationPlatforms) = postSolution
		{ACDE217C-4F53-4D34-AA54-F283410A43E2}.Debug|x64.ActiveCfg = Debug|x64
		{ACDE217C-4F53-4D34-AA54-F283410A43E2}.Debug|x64.Build.0 = Debug|x64
		{ACDE217C-4F53-4D34-AA54-F283410A43E2}.Debug|x86.ActiveCfg = Debug|Win32
		{ACDE217C-4F53-4D34-AA54-F283410A43E2}.Debug|x86.Build.0 = Debug|Win32
		{ACDE217C-4F53-4D34-AA54-F283410A43E2}.Release|x64.ActiveCfg = Release|x64
		{ACDE217C-4F53-4D34-AA54-F283410A43E2}.Release|x64.Build.0 = Release|x64
		{ACDE217C-4F53-4D34-AA54-F283410A43E2}.Release|x86.ActiveCfg = Release|Win32
		{ACDE217C-4F53-4D34-AA54-F283410A43E2}.Release|x86.Build.0 = Release|Win32
	EndGlobalSection
	GlobalSection(SolutionProperties) = preSolution
		HideSolutionNode = FALSE
	EndGlobalSection
	GlobalSection(ExtensibilityGlobals) = postSolution
		SolutionGuid = {20955EF0-5DDA-43E2-B92F-616BF82D5D33}
	EndGlobalSection
EndGlobal
